github.com/klauspost/compress v1.20.0 h1:a3C1ke2ohxFymNlb2HWAHjDeKCI90scRskErZkR0ezA=
github.com/klauspost/compress v1.20.0/go.mod h1:LUdAzn7YLVvxLpc7y3V1m40wESHTgc1422pwwBSKYuI=
github.com/stowcloud/durablefs v0.1.0 h1:+CtrP4pigmKXKnhR0oWcjs09JP+HtzSzNF+X8fwno0c=
github.com/stowcloud/durablefs v0.1.0/go.mod h1:w2z3GrAiFnLD7XUlm0QhykNYBN6PW77vVO8+Z/a5YSU=
github.com/stowcloud/namesearch v0.1.0 h1:lVcH30afHGVe4hLwslO8QLkbhF3I+qVA3f8e1HVw09s=
github.com/stowcloud/namesearch v0.1.0/go.mod h1:e5Hb+4oN86h9PG6/aG+3GYUOEvZJlVId/R2db9eDRLE=
github.com/stowcloud/sandbox-worker v0.1.0 h1:+zc9CbUrgKEqi9OKOECcYSbKwzQn/j0Cp28bLykSPeY=
github.com/stowcloud/sandbox-worker v0.1.0/go.mod h1:LSkVLn2YPjQRqye5/KzgsyfMAQS5ct6fdyAIQak68sA=
github.com/stowcloud/storage v0.1.0 h1:EJdwM0b9B2CeDnnwCnVohRLOfFh4RmmSRXrL+eFV5f8=
github.com/stowcloud/storage v0.1.0/go.mod h1:4BXrUZ4ttJ53eaIv47BTmUJfSWNsV2+Hk0ZkZ/Rm6Ww=
github.com/stowcloud/transfer v0.2.0 h1:BFZ2uoNvwRpEkj+wSlYdkOfel7eyt/79qCoa1dS8IK8=
github.com/stowcloud/transfer v0.2.0/go.mod h1:uCW3gsxw7IRNiCa51wdndwxNALU7DLZ5L8VVAhy5TnI=
github.com/stowcloud/veracrypt v0.1.2 h1:yxs5yB5okN28cSXR+mFx7IxsiY0PFSP1DsAS0ost71s=
github.com/stowcloud/veracrypt v0.1.2/go.mod h1:dfDTudQNvVXL0Hl+h+gqsYLWurhJWQNsrmwHzhHO31Y=
golang.org/x/crypto v0.56.0 h1:GUh5Ii4J5jtcseSMiRqr1jXCNHoxjeV9Fmekc2oLy6Y=
golang.org/x/crypto v0.56.0/go.mod h1:OMW5y6CY9l38uPLmxU6l6pwcXp1obtLo3e6gT7gQR2I=
golang.org/x/sys v0.47.0 h1:o7XGOvZQCADBQQ4Y7VNq2dRWQR7JmOUW8Kxx4ZsNgWs=
golang.org/x/sys v0.47.0/go.mod h1:4GL1E5IUh+htKOUEOaiffhrAeqysfVGipDYzABqnCmw=
golang.org/x/text v0.41.0 h1:vz/seA0lnX87Othu2f/0L24RcgrXD9/YFTSuGjj3rH8=
golang.org/x/text v0.41.0/go.mod h1:jvf1O8ajNzZqhSrQBPbutR/EB83Cc0CFrezNQIwbb5M=
